
Microsoft Visual Studio Solution File, Format Version 12.00
# Visual Studio 15
Project("{FAE04EC0-301F-11D3-BF4B-00C04F79EFBC}") = "Best_BuyASPNET", "Best_BuyASPNET\Best_BuyASPNET.csproj", "{3C0833B6-CE29-4010-A2D1-3ABD2E54CAC4}"
EndProject
Global
	GlobalSection(SolutionConfigurationPlatforms) = preSolution
		Debug|Any CPU = Debug|Any CPU
		Release|Any CPU = Release|Any CPU
	EndGlobalSection
	GlobalSection(ProjectConfigurationPlatforms) = postSolution
		{3C0833B6-CE29-4010-A2D1-3ABD2E54CAC4}.Debug|Any CPU.ActiveCfg = Debug|Any CPU
		{3C0833B6-CE29-4010-A2D1-3ABD2E54CAC4}.Debug|Any CPU.Build.0 = Debug|Any CPU
		{3C0833B6-CE29-4010-A2D1-3ABD2E54CAC4}.Release|Any CPU.ActiveCfg = Release|Any CPU
		{3C0833B6-CE29-4010-A2D1-3ABD2E54CAC4}.Release|Any CPU.Build.0 = Release|Any CPU
	EndGlobalSection
EndGlobal
